Microsoft Visual Studio Solution File, Format Version 12.00
# Visual Studio Version 17
VisualStudioVersion = 17.5.2.0
MinimumVisualStudioVersion = 10.0.40219.1
Project("{FAE04EC0-301F-11D3-BF4B-00C04F79EFBC}") = "adocao-api", "adocao-api.csproj", "{4C812511-C70D-31AC-6A1E-9481D57D86D9}"
EndProject
Global
	GlobalSection(SolutionConfigurationPlatforms) = preSolution
		Debug|Any CPU = Debug|Any CPU
		Release|Any CPU = Release|Any CPU
	EndGlobalSection
	GlobalSection(ProjectConfigurationPlatforms) = postSolution
		{4C812511-C70D-31AC-6A1E-9481D57D86D9}.Debug|Any CPU.ActiveCfg = Debug|Any CPU
		{4C812511-C70D-31AC-6A1E-9481D57D86D9}.Debug|Any CPU.Build.0 = Debug|Any CPU
		{4C812511-C70D-31AC-6A1E-9481D57D86D9}.Release|Any CPU.ActiveCfg = Release|Any CPU
		{4C812511-C70D-31AC-6A1E-9481D57D86D9}.Release|Any CPU.Build.0 = Release|Any CPU
	EndGlobalSection
	GlobalSection(SolutionProperties) = preSolution
		HideSolutionNode = FALSE
	EndGlobalSection
	GlobalSection(ExtensibilityGlobals) = postSolution
		SolutionGuid = {ACE6A544-5A24-4F6B-923A-3B1BCDF55AD9}
	EndGlobalSection
EndGlobal
